<?xml version="1.0" encoding="utf-8"?>
<Project ToolsVersion="4.0" xmlns="http://schemas.microsoft.com/developer/msbuild/2003">
  <ItemGroup>
    <Filter Include="源文件">
      <UniqueIdentifier>{4FC737F1-C7A5-4376-A066-2A32D752A2FF}</UniqueIdentifier>
      <Extensions>cpp;c;cc;cxx;def;odl;idl;hpj;bat;asm;asmx</Extensions>
    </Filter>
    <Filter Include="头文件">
      <UniqueIdentifier>{93995380-89BD-4b04-88EB-625FBE52EBFB}</UniqueIdentifier>
      <Extensions>h;hh;hpp;hxx;hm;inl;inc;ipp;xsd</Extensions>
    </Filter>
    <Filter Include="资源文件">
      <UniqueIdentifier>{67DA6AB6-F800-4c08-8B7A-83BB121AAD01}</UniqueIdentifier>
      <Extensions>rc;ico;cur;bmp;dlg;rc2;rct;bin;rgs;gif;jpg;jpeg;jpe;resx;tiff;tif;png;wav;mfcribbon-ms</Extensions>
    </Filter>
  </ItemGroup>
  <ItemGroup>
    <ClInclude Include="System_Accelerator.h">
      <Filter>头文件</Filter>
    </ClInclude>
    <ClInclude Include="System_AcceleratorDlg.h">
      <Filter>头文件</Filter>
    </ClInclude>
    <ClInclude Include="stdafx.h">
      <Filter>头文件</Filter>
    </ClInclude>
    <ClInclude Include="targetver.h">
      <Filter>头文件</Filter>
    </ClInclude>
    <ClInclude Include="Resource.h">
      <Filter>头文件</Filter>
    </ClInclude>
    <ClInclude Include="ContralDlg.h">
      <Filter>头文件</Filter>
    </ClInclude>
    <ClInclude Include="IconBtn.h">
      <Filter>头文件</Filter>
    </ClInclude>
    <ClInclude Include="TaskDlg.h">
      <Filter>头文件</Filter>
    </ClInclude>
    <ClInclude Include="CustomMenu.h">
      <Filter>头文件</Filter>
    </ClInclude>
    <ClInclude Include="DiskDlg.h">
      <Filter>头文件</Filter>
    </ClInclude>
    <ClInclude Include="LitterDLg.h">
      <Filter>头文件</Filter>
    </ClInclude>
  </ItemGroup>
  <ItemGroup>
    <ClCompile Include="System_Accelerator.cpp">
      <Filter>源文件</Filter>
    </ClCompile>
    <ClCompile Include="System_AcceleratorDlg.cpp">
      <Filter>源文件</Filter>
    </ClCompile>
    <ClCompile Include="stdafx.cpp">
      <Filter>源文件</Filter>
    </ClCompile>
    <ClCompile Include="ContralDlg.cpp">
      <Filter>源文件</Filter>
    </ClCompile>
    <ClCompile Include="IconBtn.cpp">
      <Filter>源文件</Filter>
    </ClCompile>
    <ClCompile Include="TaskDlg.cpp">
      <Filter>源文件</Filter>
    </ClCompile>
    <ClCompile Include="CustomMenu.cpp">
      <Filter>源文件</Filter>
    </ClCompile>
    <ClCompile Include="DiskDlg.cpp">
      <Filter>源文件</Filter>
    </ClCompile>
    <ClCompile Include="LitterDLg.cpp">
      <Filter>源文件</Filter>
    </ClCompile>
  </ItemGroup>
  <ItemGroup>
    <ResourceCompile Include="SystemAccelerator.rc">
      <Filter>资源文件</Filter>
    </ResourceCompile>
  </ItemGroup>
  <ItemGroup>
    <None Include="res\SystemAccelerator.rc2">
      <Filter>资源文件</Filter>
    </None>
  </ItemGroup>
  <ItemGroup>
    <Image Include="res\System_Accelerator.ico">
      <Filter>资源文件</Filter>
    </Image>
    <Image Include="res\bitmap1.bmp">
      <Filter>资源文件</Filter>
    </Image>
    <Image Include="E:\c++项目实战\Code\06\Project\06_365系统加速器\SysOptimize\res\access.ICO">
      <Filter>资源文件</Filter>
    </Image>
    <Image Include="E:\c++项目实战\Code\06\Project\06_365系统加速器\SysOptimize\res\appwiz.ICO">
      <Filter>资源文件</Filter>
    </Image>
    <Image Include="E:\c++项目实战\Code\06\Project\06_365系统加速器\SysOptimize\res\Computer.ico">
      <Filter>资源文件</Filter>
    </Image>
    <Image Include="E:\c++项目实战\Code\06\Project\06_365系统加速器\SysOptimize\res\desk.ICO">
      <Filter>资源文件</Filter>
    </Image>
    <Image Include="E:\c++项目实战\Code\06\Project\06_365系统加速器\SysOptimize\res\hdwwiz.ICO">
      <Filter>资源文件</Filter>
    </Image>
    <Image Include="E:\c++项目实战\Code\06\Project\06_365系统加速器\SysOptimize\res\internet.ICO">
      <Filter>资源文件</Filter>
    </Image>
    <Image Include="E:\c++项目实战\Code\06\Project\06_365系统加速器\SysOptimize\res\intl.ICO">
      <Filter>资源文件</Filter>
    </Image>
    <Image Include="E:\c++项目实战\Code\06\Project\06_365系统加速器\SysOptimize\res\keyboard.ICO">
      <Filter>资源文件</Filter>
    </Image>
    <Image Include="E:\c++项目实战\Code\06\Project\06_365系统加速器\SysOptimize\res\mmsys.ICO">
      <Filter>资源文件</Filter>
    </Image>
    <Image Include="E:\c++项目实战\Code\06\Project\06_365系统加速器\SysOptimize\res\mouse.ICO">
      <Filter>资源文件</Filter>
    </Image>
    <Image Include="E:\c++项目实战\Code\06\Project\06_365系统加速器\SysOptimize\res\sysdm.ICO">
      <Filter>资源文件</Filter>
    </Image>
    <Image Include="E:\c++项目实战\Code\06\Project\06_365系统加速器\SysOptimize\res\timedate.ICO">
      <Filter>资源文件</Filter>
    </Image>
    <Image Include="res\bitmap2.bmp">
      <Filter>资源文件</Filter>
    </Image>
    <Image Include="..\..\..\..\Desktop\空白.bmp">
      <Filter>资源文件</Filter>
    </Image>
    <Image Include="E:\c++项目实战\Code\06\Project\06_365系统加速器\SysOptimize\res\选中.bmp">
      <Filter>资源文件</Filter>
    </Image>
    <Image Include="E:\c++项目实战\Code\06\Project\06_365系统加速器\SysOptimize\res\closebutton.bmp">
      <Filter>资源文件</Filter>
    </Image>
    <Image Include="E:\c++项目实战\Code\06\Project\06_365系统加速器\SysOptimize\res\closehotbutton.bmp">
      <Filter>资源文件</Filter>
    </Image>
    <Image Include="E:\c++项目实战\Code\06\Project\06_365系统加速器\SysOptimize\res\MidTitle.bmp">
      <Filter>资源文件</Filter>
    </Image>
    <Image Include="E:\c++项目实战\Code\06\Project\06_365系统加速器\SysOptimize\res\minbutton.bmp">
      <Filter>资源文件</Filter>
    </Image>
    <Image Include="E:\c++项目实战\Code\06\Project\06_365系统加速器\SysOptimize\res\minhotbutton.bmp">
      <Filter>资源文件</Filter>
    </Image>
    <Image Include="E:\c++项目实战\Code\06\Project\06_365系统加速器\SysOptimize\res\首页.bmp">
      <Filter>资源文件</Filter>
    </Image>
    <Image Include="E:\c++项目实战\Code\06\Project\06_365系统加速器\SysOptimize\res\ITEM.bmp">
      <Filter>资源文件</Filter>
    </Image>
    <Image Include="res\closebutton.bmp">
      <Filter>资源文件</Filter>
    </Image>
    <Image Include="res\closehotbutton.bmp">
      <Filter>资源文件</Filter>
    </Image>
    <Image Include="res\MidTitle.bmp">
      <Filter>资源文件</Filter>
    </Image>
    <Image Include="res\minbutton.bmp">
      <Filter>资源文件</Filter>
    </Image>
    <Image Include="res\minhotbutton.bmp">
      <Filter>资源文件</Filter>
    </Image>
    <Image Include="res\bitmap3.bmp">
      <Filter>资源文件</Filter>
    </Image>
  </ItemGroup>
</Project>